
Microsoft Visual Studio Solution File, Format Version 12.00
# Visual Studio 15
VisualStudioVersion = 15.0.27428.2043
MinimumVisualStudioVersion = 10.0.40219.1
Project("{9A19103F-16F7-4668-BE54-9A1E7A4F7556}") = "UnityEngine", "tests\UnityEngine\UnityEngine.csproj", "{7600F127-2CF0-4A1C-A12C-DE5630696DD4}"
EndProject
Project("{2150E333-8FDC-42A3-9474-1A3956D46DE8}") = "Solution Items", "Solution Items", "{330E1C29-F8C0-4FFC-9FE9-9FA71DE400FC}"
	ProjectSection(SolutionItems) = preProject
		src\Assets\Standard Assets\Bugsnag\BugsnagBehaviour.cs = src\Assets\Standard Assets\Bugsnag\BugsnagBehaviour.cs
		src\BugsnagUnity.mm = src\BugsnagUnity.mm
		src\Assets\Standard Assets\Editor\BugsnagPostProcess.cs = src\Assets\Standard Assets\Editor\BugsnagPostProcess.cs
		src\Assets\Standard Assets\Editor\BugsnagBehaviourEditor.cs = src\Assets\Standard Assets\Editor\BugsnagBehaviourEditor.cs
	EndProjectSection
EndProject
Project("{9A19103F-16F7-4668-BE54-9A1E7A4F7556}") = "BugsnagUnity", "src\BugsnagUnity\BugsnagUnity.csproj", "{EF862675-0071-4BA7-B76A-A32E9A2BE362}"
EndProject
Project("{9A19103F-16F7-4668-BE54-9A1E7A4F7556}") = "BugsnagUnity.Tests", "tests\BugsnagUnity.Tests\BugsnagUnity.Tests.csproj", "{72E9EC19-9A2F-4F39-82DC-2303E1461D05}"
EndProject
Project("{9A19103F-16F7-4668-BE54-9A1E7A4F7556}") = "BugsnagUnity.Android", "src\BugsnagUnity\BugsnagUnity.Android.csproj", "{58CA57C8-93E9-4F3A-A625-B0FD4EBFF454}"
EndProject
Project("{9A19103F-16F7-4668-BE54-9A1E7A4F7556}") = "BugsnagUnity.iOS", "src\BugsnagUnity\BugsnagUnity.iOS.csproj", "{40B25520-11F5-4F85-9F06-5CA277F35CD1}"
EndProject
Project("{9A19103F-16F7-4668-BE54-9A1E7A4F7556}") = "BugsnagUnity.MacOS", "src\BugsnagUnity\BugsnagUnity.MacOS.csproj", "{852B902E-EE68-411C-83EA-B89C483EBC66}"
EndProject
Project("{9A19103F-16F7-4668-BE54-9A1E7A4F7556}") = "BugsnagUnity.Windows", "src\BugsnagUnity\BugsnagUnity.Windows.csproj", "{B8C265A4-657B-4378-8726-0BEC774108D1}"
EndProject
Global
	GlobalSection(SolutionConfigurationPlatforms) = preSolution
		Debug|Any CPU = Debug|Any CPU
		Release|Any CPU = Release|Any CPU
	EndGlobalSection
	GlobalSection(ProjectConfigurationPlatforms) = postSolution
		{7600F127-2CF0-4A1C-A12C-DE5630696DD4}.Debug|Any CPU.ActiveCfg = Debug|Any CPU
		{7600F127-2CF0-4A1C-A12C-DE5630696DD4}.Debug|Any CPU.Build.0 = Debug|Any CPU
		{7600F127-2CF0-4A1C-A12C-DE5630696DD4}.Release|Any CPU.ActiveCfg = Release|Any CPU
		{7600F127-2CF0-4A1C-A12C-DE5630696DD4}.Release|Any CPU.Build.0 = Release|Any CPU
		{EF862675-0071-4BA7-B76A-A32E9A2BE362}.Debug|Any CPU.ActiveCfg = Debug|Any CPU
		{EF862675-0071-4BA7-B76A-A32E9A2BE362}.Debug|Any CPU.Build.0 = Debug|Any CPU
		{EF862675-0071-4BA7-B76A-A32E9A2BE362}.Release|Any CPU.ActiveCfg = Release|Any CPU
		{EF862675-0071-4BA7-B76A-A32E9A2BE362}.Release|Any CPU.Build.0 = Release|Any CPU
		{72E9EC19-9A2F-4F39-82DC-2303E1461D05}.Debug|Any CPU.ActiveCfg = Debug|Any CPU
		{72E9EC19-9A2F-4F39-82DC-2303E1461D05}.Debug|Any CPU.Build.0 = Debug|Any CPU
		{72E9EC19-9A2F-4F39-82DC-2303E1461D05}.Release|Any CPU.ActiveCfg = Release|Any CPU
		{72E9EC19-9A2F-4F39-82DC-2303E1461D05}.Release|Any CPU.Build.0 = Release|Any CPU
		{58CA57C8-93E9-4F3A-A625-B0FD4EBFF454}.Debug|Any CPU.ActiveCfg = Debug|Any CPU
		{58CA57C8-93E9-4F3A-A625-B0FD4EBFF454}.Debug|Any CPU.Build.0 = Debug|Any CPU
		{58CA57C8-93E9-4F3A-A625-B0FD4EBFF454}.Release|Any CPU.ActiveCfg = Release|Any CPU
		{58CA57C8-93E9-4F3A-A625-B0FD4EBFF454}.Release|Any CPU.Build.0 = Release|Any CPU
		{40B25520-11F5-4F85-9F06-5CA277F35CD1}.Debug|Any CPU.ActiveCfg = Debug|Any CPU
		{40B25520-11F5-4F85-9F06-5CA277F35CD1}.Debug|Any CPU.Build.0 = Debug|Any CPU
		{40B25520-11F5-4F85-9F06-5CA277F35CD1}.Release|Any CPU.ActiveCfg = Release|Any CPU
		{40B25520-11F5-4F85-9F06-5CA277F35CD1}.Release|Any CPU.Build.0 = Release|Any CPU
		{852B902E-EE68-411C-83EA-B89C483EBC66}.Debug|Any CPU.ActiveCfg = Debug|Any CPU
		{852B902E-EE68-411C-83EA-B89C483EBC66}.Debug|Any CPU.Build.0 = Debug|Any CPU
		{852B902E-EE68-411C-83EA-B89C483EBC66}.Release|Any CPU.ActiveCfg = Release|Any CPU
		{852B902E-EE68-411C-83EA-B89C483EBC66}.Release|Any CPU.Build.0 = Release|Any CPU
		{B8C265A4-657B-4378-8726-0BEC774108D1}.Debug|Any CPU.ActiveCfg = Debug|Any CPU
		{B8C265A4-657B-4378-8726-0BEC774108D1}.Debug|Any CPU.Build.0 = Debug|Any CPU
		{B8C265A4-657B-4378-8726-0BEC774108D1}.Release|Any CPU.ActiveCfg = Release|Any CPU
		{B8C265A4-657B-4378-8726-0BEC774108D1}.Release|Any CPU.Build.0 = Release|Any CPU
	EndGlobalSection
	GlobalSection(SolutionProperties) = preSolution
		HideSolutionNode = FALSE
	EndGlobalSection
	GlobalSection(ExtensibilityGlobals) = postSolution
		SolutionGuid = {1CE8CC5B-0DF2-4EB7-B9DA-0DBC2E0389DA}
	EndGlobalSection
EndGlobal
