// !$*UTF8*$!
{
	archiveVersion = 1;
	classes = {
	};
	objectVersion = 46;
	objects = {

/* Begin PBXBuildFile section */
		B535126C1CD0CE90001BE861 /* Bugsnag.framework in Frameworks */ = {isa = PBXBuildFile; fileRef = B535126B1CD0CE90001BE861 /* Bugsnag.framework */; };
		B535126D1CD0CEB0001BE861 /* Bugsnag.framework in CopyFiles */ = {isa = PBXBuildFile; fileRef = B535126B1CD0CE90001BE861 /* Bugsnag.framework */; settings = {ATTRIBUTES = (CodeSignOnCopy, RemoveHeadersOnCopy, ); }; };
		B578275A1CD0B06700015B12 /* BugsnagUnity.mm in Sources */ = {isa = PBXBuildFile; fileRef = B57827591CD0B06700015B12 /* BugsnagUnity.mm */; };
/* End PBXBuildFile section */

/* Begin PBXCopyFilesBuildPhase section */
		B5822F8A1CCFB296004A71A1 /* CopyFiles */ = {
			isa = PBXCopyFilesBuildPhase;
			buildActionMask = 2147483647;
			dstPath = "";
			dstSubfolderSpec = 10;
			files = (
				B535126D1CD0CEB0001BE861 /* Bugsnag.framework in CopyFiles */,
			);
			runOnlyForDeploymentPostprocessing = 0;
		};
/* End PBXCopyFilesBuildPhase section */

/* Begin PBXFileReference section */
		B535126B1CD0CE90001BE861 /* Bugsnag.framework */ = {isa = PBXFileReference; lastKnownFileType = wrapper.framework; name = Bugsnag.framework; path = "bugsnag-osx/Bugsnag.framework"; sourceTree = "<group>"; };
		B57827591CD0B06700015B12 /* BugsnagUnity.mm */ = {isa = PBXFileReference; fileEncoding = 4; lastKnownFileType = sourcecode.cpp.objcpp; name = BugsnagUnity.mm; path = ../../src/BugsnagUnity.mm; sourceTree = "<group>"; };
		B5822F7A1CCFAFBB004A71A1 /* bugsnag-osx.bundle */ = {isa = PBXFileReference; explicitFileType = wrapper.cfbundle; includeInIndex = 0; path = "bugsnag-osx.bundle"; sourceTree = BUILT_PRODUCTS_DIR; };
		B5822F7D1CCFAFBB004A71A1 /* Info.plist */ = {isa = PBXFileReference; lastKnownFileType = text.plist.xml; path = Info.plist; sourceTree = "<group>"; };
		B5822F8E1CCFCADD004A71A1 /* NSDictionary+Merge.h */ = {isa = PBXFileReference; lastKnownFileType = sourcecode.c.h; path = "NSDictionary+Merge.h"; sourceTree = "<group>"; };
/* End PBXFileReference section */

/* Begin PBXFrameworksBuildPhase section */
		B5822F771CCFAFBB004A71A1 /* Frameworks */ = {
			isa = PBXFrameworksBuildPhase;
			buildActionMask = 2147483647;
			files = (
				B535126C1CD0CE90001BE861 /* Bugsnag.framework in Frameworks */,
			);
			runOnlyForDeploymentPostprocessing = 0;
		};
/* End PBXFrameworksBuildPhase section */

/* Begin PBXGroup section */
		B5822F711CCFAFBB004A71A1 = {
			isa = PBXGroup;
			children = (
				B535126B1CD0CE90001BE861 /* Bugsnag.framework */,
				B5822F7C1CCFAFBB004A71A1 /* bugsnag-osx */,
				B5822F7B1CCFAFBB004A71A1 /* Products */,
			);
			sourceTree = "<group>";
		};
		B5822F7B1CCFAFBB004A71A1 /* Products */ = {
			isa = PBXGroup;
			children = (
				B5822F7A1CCFAFBB004A71A1 /* bugsnag-osx.bundle */,
			);
			name = Products;
			sourceTree = "<group>";
		};
		B5822F7C1CCFAFBB004A71A1 /* bugsnag-osx */ = {
			isa = PBXGroup;
			children = (
				B57827591CD0B06700015B12 /* BugsnagUnity.mm */,
				B5822F8E1CCFCADD004A71A1 /* NSDictionary+Merge.h */,
				B5822F7D1CCFAFBB004A71A1 /* Info.plist */,
			);
			path = "bugsnag-osx";
			sourceTree = "<group>";
		};
/* End PBXGroup section */

/* Begin PBXNativeTarget section */
		B5822F791CCFAFBB004A71A1 /* bugsnag-osx */ = {
			isa = PBXNativeTarget;
			buildConfigurationList = B5822F801CCFAFBB004A71A1 /* Build configuration list for PBXNativeTarget "bugsnag-osx" */;
			buildPhases = (
				B5822F761CCFAFBB004A71A1 /* Sources */,
				B5822F771CCFAFBB004A71A1 /* Frameworks */,
				B5822F781CCFAFBB004A71A1 /* Resources */,
				B5822F8A1CCFB296004A71A1 /* CopyFiles */,
			);
			buildRules = (
			);
			dependencies = (
			);
			name = "bugsnag-osx";
			productName = "bugsnag-osx";
			productReference = B5822F7A1CCFAFBB004A71A1 /* bugsnag-osx.bundle */;
			productType = "com.apple.product-type.bundle";
		};
/* End PBXNativeTarget section */

/* Begin PBXProject section */
		B5822F721CCFAFBB004A71A1 /* Project object */ = {
			isa = PBXProject;
			attributes = {
				LastUpgradeCheck = 0730;
				ORGANIZATIONNAME = Bugsnag;
				TargetAttributes = {
					B5822F791CCFAFBB004A71A1 = {
						CreatedOnToolsVersion = 7.3;
					};
				};
			};
			buildConfigurationList = B5822F751CCFAFBB004A71A1 /* Build configuration list for PBXProject "bugsnag-osx" */;
			compatibilityVersion = "Xcode 3.2";
			developmentRegion = English;
			hasScannedForEncodings = 0;
			knownRegions = (
				en,
			);
			mainGroup = B5822F711CCFAFBB004A71A1;
			productRefGroup = B5822F7B1CCFAFBB004A71A1 /* Products */;
			projectDirPath = "";
			projectRoot = "";
			targets = (
				B5822F791CCFAFBB004A71A1 /* bugsnag-osx */,
			);
		};
/* End PBXProject section */

/* Begin PBXResourcesBuildPhase section */
		B5822F781CCFAFBB004A71A1 /* Resources */ = {
			isa = PBXResourcesBuildPhase;
			buildActionMask = 2147483647;
			files = (
			);
			runOnlyForDeploymentPostprocessing = 0;
		};
/* End PBXResourcesBuildPhase section */

/* Begin PBXSourcesBuildPhase section */
		B5822F761CCFAFBB004A71A1 /* Sources */ = {
			isa = PBXSourcesBuildPhase;
			buildActionMask = 2147483647;
			files = (
				B578275A1CD0B06700015B12 /* BugsnagUnity.mm in Sources */,
			);
			runOnlyForDeploymentPostprocessing = 0;
		};
/* End PBXSourcesBuildPhase section */

/* Begin XCBuildConfiguration section */
		B5822F7E1CCFAFBB004A71A1 /* Debug */ = {
			isa = XCBuildConfiguration;
			buildSettings = {
				ALWAYS_SEARCH_USER_PATHS = NO;
				CLANG_ANALYZER_NONNULL = YES;
				CLANG_CXX_LANGUAGE_STANDARD = "gnu++0x";
				CLANG_CXX_LIBRARY = "libc++";
				CLANG_ENABLE_MODULES = YES;
				CLANG_ENABLE_OBJC_ARC = YES;
				CLANG_WARN_BOOL_CONVERSION = YES;
				CLANG_WARN_CONSTANT_CONVERSION = YES;
				CLANG_WARN_DIRECT_OBJC_ISA_USAGE = YES_ERROR;
				CLANG_WARN_EMPTY_BODY = YES;
				CLANG_WARN_ENUM_CONVERSION = YES;
				CLANG_WARN_INT_CONVERSION = YES;
				CLANG_WARN_OBJC_ROOT_CLASS = YES_ERROR;
				CLANG_WARN_UNREACHABLE_CODE = YES;
				CLANG_WARN__DUPLICATE_METHOD_MATCH = YES;
				CODE_SIGN_IDENTITY = "-";
				COPY_PHASE_STRIP = NO;
				DEBUG_INFORMATION_FORMAT = dwarf;
				ENABLE_STRICT_OBJC_MSGSEND = YES;
				ENABLE_TESTABILITY = YES;
				GCC_C_LANGUAGE_STANDARD = gnu99;
				GCC_DYNAMIC_NO_PIC = NO;
				GCC_NO_COMMON_BLOCKS = YES;
				GCC_OPTIMIZATION_LEVEL = 0;
				GCC_PREPROCESSOR_DEFINITIONS = (
					"DEBUG=1",
					"$(inherited)",
				);
				GCC_WARN_64_TO_32_BIT_CONVERSION = YES;
				GCC_WARN_ABOUT_RETURN_TYPE = YES_ERROR;
				GCC_WARN_UNDECLARED_SELECTOR = YES;
				GCC_WARN_UNINITIALIZED_AUTOS = YES_AGGRESSIVE;
				GCC_WARN_UNUSED_FUNCTION = YES;
				GCC_WARN_UNUSED_VARIABLE = YES;
				MACOSX_DEPLOYMENT_TARGET = 10.11;
				MTL_ENABLE_DEBUG_INFO = YES;
				ONLY_ACTIVE_ARCH = YES;
				SDKROOT = macosx;
			};
			name = Debug;
		};
		B5822F7F1CCFAFBB004A71A1 /* Release */ = {
			isa = XCBuildConfiguration;
			buildSettings = {
				ALWAYS_SEARCH_USER_PATHS = NO;
				CLANG_ANALYZER_NONNULL = YES;
				CLANG_CXX_LANGUAGE_STANDARD = "gnu++0x";
				CLANG_CXX_LIBRARY = "libc++";
				CLANG_ENABLE_MODULES = YES;
				CLANG_ENABLE_OBJC_ARC = YES;
				CLANG_WARN_BOOL_CONVERSION = YES;
				CLANG_WARN_CONSTANT_CONVERSION = YES;
				CLANG_WARN_DIRECT_OBJC_ISA_USAGE = YES_ERROR;
				CLANG_WARN_EMPTY_BODY = YES;
				CLANG_WARN_ENUM_CONVERSION = YES;
				CLANG_WARN_INT_CONVERSION = YES;
				CLANG_WARN_OBJC_ROOT_CLASS = YES_ERROR;
				CLANG_WARN_UNREACHABLE_CODE = YES;
				CLANG_WARN__DUPLICATE_METHOD_MATCH = YES;
				CODE_SIGN_IDENTITY = "-";
				COPY_PHASE_STRIP = NO;
				DEBUG_INFORMATION_FORMAT = "dwarf-with-dsym";
				ENABLE_NS_ASSERTIONS = NO;
				ENABLE_STRICT_OBJC_MSGSEND = YES;
				GCC_C_LANGUAGE_STANDARD = gnu99;
				GCC_NO_COMMON_BLOCKS = YES;
				GCC_WARN_64_TO_32_BIT_CONVERSION = YES;
				GCC_WARN_ABOUT_RETURN_TYPE = YES_ERROR;
				GCC_WARN_UNDECLARED_SELECTOR = YES;
				GCC_WARN_UNINITIALIZED_AUTOS = YES_AGGRESSIVE;
				GCC_WARN_UNUSED_FUNCTION = YES;
				GCC_WARN_UNUSED_VARIABLE = YES;
				MACOSX_DEPLOYMENT_TARGET = 10.11;
				MTL_ENABLE_DEBUG_INFO = NO;
				SDKROOT = macosx;
			};
			name = Release;
		};
		B5822F811CCFAFBB004A71A1 /* Debug */ = {
			isa = XCBuildConfiguration;
			buildSettings = {
				COMBINE_HIDPI_IMAGES = YES;
				FRAMEWORK_SEARCH_PATHS = "$(PROJECT_DIR)/bugsnag-osx";
				INFOPLIST_FILE = "bugsnag-osx/Info.plist";
				INSTALL_PATH = "$(LOCAL_LIBRARY_DIR)/Bundles";
				LD_RUNPATH_SEARCH_PATHS = "@loader_path/../Frameworks";
				PRODUCT_BUNDLE_IDENTIFIER = "com.bugsnag.unity.bugsnag-osx";
				PRODUCT_NAME = "$(TARGET_NAME)";
				SKIP_INSTALL = YES;
				WRAPPER_EXTENSION = bundle;
			};
			name = Debug;
		};
		B5822F821CCFAFBB004A71A1 /* Release */ = {
			isa = XCBuildConfiguration;
			buildSettings = {
				COMBINE_HIDPI_IMAGES = YES;
				FRAMEWORK_SEARCH_PATHS = "$(PROJECT_DIR)/bugsnag-osx";
				INFOPLIST_FILE = "bugsnag-osx/Info.plist";
				INSTALL_PATH = "$(LOCAL_LIBRARY_DIR)/Bundles";
				LD_RUNPATH_SEARCH_PATHS = "@loader_path/../Frameworks";
				PRODUCT_BUNDLE_IDENTIFIER = "com.bugsnag.unity.bugsnag-osx";
				PRODUCT_NAME = "$(TARGET_NAME)";
				SKIP_INSTALL = YES;
				WRAPPER_EXTENSION = bundle;
			};
			name = Release;
		};
/* End XCBuildConfiguration section */

/* Begin XCConfigurationList section */
		B5822F751CCFAFBB004A71A1 /* Build configuration list for PBXProject "bugsnag-osx" */ = {
			isa = XCConfigurationList;
			buildConfigurations = (
				B5822F7E1CCFAFBB004A71A1 /* Debug */,
				B5822F7F1CCFAFBB004A71A1 /* Release */,
			);
			defaultConfigurationIsVisible = 0;
			defaultConfigurationName = Release;
		};
		B5822F801CCFAFBB004A71A1 /* Build configuration list for PBXNativeTarget "bugsnag-osx" */ = {
			isa = XCConfigurationList;
			buildConfigurations = (
				B5822F811CCFAFBB004A71A1 /* Debug */,
				B5822F821CCFAFBB004A71A1 /* Release */,
			);
			defaultConfigurationIsVisible = 0;
			defaultConfigurationName = Release;
		};
/* End XCConfigurationList section */
	};
	rootObject = B5822F721CCFAFBB004A71A1 /* Project object */;
}
